
Microsoft Visual Studio Solution File, Format Version 12.00
# Visual Studio Version 17
VisualStudioVersion = 17.1.32421.90
MinimumVisualStudioVersion = 10.0.40219.1
Project("{FAE04EC0-301F-11D3-BF4B-00C04F79EFBC}") = "PFC_VIBRANIUM_ERP", "PFC_VIBRANIUM_ERP\PFC_VIBRANIUM_ERP.csproj", "{9B10D1EB-25A1-44BB-83E2-32A6408A1120}"
EndProject
Global
	GlobalSection(SolutionConfigurationPlatforms) = preSolution
		Debug|Any CPU = Debug|Any CPU
		Release|Any CPU = Release|Any CPU
	EndGlobalSection
	GlobalSection(ProjectConfigurationPlatforms) = postSolution
		{9B10D1EB-25A1-44BB-83E2-32A6408A1120}.Debug|Any CPU.ActiveCfg = Debug|Any CPU
		{9B10D1EB-25A1-44BB-83E2-32A6408A1120}.Debug|Any CPU.Build.0 = Debug|Any CPU
		{9B10D1EB-25A1-44BB-83E2-32A6408A1120}.Release|Any CPU.ActiveCfg = Release|Any CPU
		{9B10D1EB-25A1-44BB-83E2-32A6408A1120}.Release|Any CPU.Build.0 = Release|Any CPU
	EndGlobalSection
	GlobalSection(SolutionProperties) = preSolution
		HideSolutionNode = FALSE
	EndGlobalSection
	GlobalSection(ExtensibilityGlobals) = postSolution
		SolutionGuid = {8314D6FD-7F87-41EB-B5B3-3F790F929494}
	EndGlobalSection
EndGlobal
